// !$*UTF8*$!
{
	archiveVersion = 1;
	classes = {
	};
	objectVersion = 50;
	objects = {

/* Begin PBXBuildFile section */
		B0A1C359246A04E7005942E6 /* AmCanViewController.swift in Sources */ = {isa = PBXBuildFile; fileRef = B0A1C358246A04E7005942E6 /* AmCanViewController.swift */; };
		B0A1C35B246A07FC005942E6 /* citylogo.png in Resources */ = {isa = PBXBuildFile; fileRef = B0A1C35A246A07FC005942E6 /* citylogo.png */; };
		B0A1C35D246A3129005942E6 /* DataModal.swift in Sources */ = {isa = PBXBuildFile; fileRef = B0A1C35C246A3129005942E6 /* DataModal.swift */; };
		B0A1C35F246A31EB005942E6 /* HeaderView.swift in Sources */ = {isa = PBXBuildFile; fileRef = B0A1C35E246A31EB005942E6 /* HeaderView.swift */; };
		B0A733DA246487C0003DECBC /* AppDelegate.swift in Sources */ = {isa = PBXBuildFile; fileRef = B0A733D9246487C0003DECBC /* AppDelegate.swift */; };
		B0A733DC246487C0003DECBC /* SceneDelegate.swift in Sources */ = {isa = PBXBuildFile; fileRef = B0A733DB246487C0003DECBC /* SceneDelegate.swift */; };
		B0A733DE246487C0003DECBC /* EventsViewController.swift in Sources */ = {isa = PBXBuildFile; fileRef = B0A733DD246487C0003DECBC /* EventsViewController.swift */; };
		B0A733E1246487C0003DECBC /* Main.storyboard in Resources */ = {isa = PBXBuildFile; fileRef = B0A733DF246487C0003DECBC /* Main.storyboard */; };
		B0A733E3246487C2003DECBC /* Assets.xcassets in Resources */ = {isa = PBXBuildFile; fileRef = B0A733E2246487C2003DECBC /* Assets.xcassets */; };
		B0A733E6246487C2003DECBC /* LaunchScreen.storyboard in Resources */ = {isa = PBXBuildFile; fileRef = B0A733E4246487C2003DECBC /* LaunchScreen.storyboard */; };
		B0A733EE246497E4003DECBC /* events.json in Resources */ = {isa = PBXBuildFile; fileRef = B0A733ED246497E4003DECBC /* events.json */; };
		B0A733F024649905003DECBC /* EventData.swift in Sources */ = {isa = PBXBuildFile; fileRef = B0A733EF24649905003DECBC /* EventData.swift */; };
		B0A733F224649959003DECBC /* EventDataLoader.swift in Sources */ = {isa = PBXBuildFile; fileRef = B0A733F124649959003DECBC /* EventDataLoader.swift */; };
		B0A733F42464F06D003DECBC /* EventsTableViewController.swift in Sources */ = {isa = PBXBuildFile; fileRef = B0A733F32464F06D003DECBC /* EventsTableViewController.swift */; };
		B0A733F62464F9D4003DECBC /* EventDetailViewController.swift in Sources */ = {isa = PBXBuildFile; fileRef = B0A733F52464F9D4003DECBC /* EventDetailViewController.swift */; };
/* End PBXBuildFile section */

/* Begin PBXFileReference section */
		B0A1C358246A04E7005942E6 /* AmCanViewController.swift */ = {isa = PBXFileReference; lastKnownFileType = sourcecode.swift; path = AmCanViewController.swift; sourceTree = "<group>"; };
		B0A1C35A246A07FC005942E6 /* citylogo.png */ = {isa = PBXFileReference; lastKnownFileType = image.png; path = citylogo.png; sourceTree = "<group>"; };
		B0A1C35C246A3129005942E6 /* DataModal.swift */ = {isa = PBXFileReference; lastKnownFileType = sourcecode.swift; path = DataModal.swift; sourceTree = "<group>"; };
		B0A1C35E246A31EB005942E6 /* HeaderView.swift */ = {isa = PBXFileReference; lastKnownFileType = sourcecode.swift; path = HeaderView.swift; sourceTree = "<group>"; };
		B0A733D6246487C0003DECBC /* American Canyon.app */ = {isa = PBXFileReference; explicitFileType = wrapper.application; includeInIndex = 0; path = "American Canyon.app"; sourceTree = BUILT_PRODUCTS_DIR; };
		B0A733D9246487C0003DECBC /* AppDelegate.swift */ = {isa = PBXFileReference; lastKnownFileType = sourcecode.swift; path = AppDelegate.swift; sourceTree = "<group>"; };
		B0A733DB246487C0003DECBC /* SceneDelegate.swift */ = {isa = PBXFileReference; lastKnownFileType = sourcecode.swift; path = SceneDelegate.swift; sourceTree = "<group>"; };
		B0A733DD246487C0003DECBC /* EventsViewController.swift */ = {isa = PBXFileReference; lastKnownFileType = sourcecode.swift; path = EventsViewController.swift; sourceTree = "<group>"; };
		B0A733E0246487C0003DECBC /* Base */ = {isa = PBXFileReference; lastKnownFileType = file.storyboard; name = Base; path = Base.lproj/Main.storyboard; sourceTree = "<group>"; };
		B0A733E2246487C2003DECBC /* Assets.xcassets */ = {isa = PBXFileReference; lastKnownFileType = folder.assetcatalog; path = Assets.xcassets; sourceTree = "<group>"; };
		B0A733E5246487C2003DECBC /* Base */ = {isa = PBXFileReference; lastKnownFileType = file.storyboard; name = Base; path = Base.lproj/LaunchScreen.storyboard; sourceTree = "<group>"; };
		B0A733E7246487C2003DECBC /* Info.plist */ = {isa = PBXFileReference; lastKnownFileType = text.plist.xml; path = Info.plist; sourceTree = "<group>"; };
		B0A733ED246497E4003DECBC /* events.json */ = {isa = PBXFileReference; fileEncoding = 4; lastKnownFileType = text.json; path = events.json; sourceTree = "<group>"; };
		B0A733EF24649905003DECBC /* EventData.swift */ = {isa = PBXFileReference; lastKnownFileType = sourcecode.swift; path = EventData.swift; sourceTree = "<group>"; };
		B0A733F124649959003DECBC /* EventDataLoader.swift */ = {isa = PBXFileReference; lastKnownFileType = sourcecode.swift; path = EventDataLoader.swift; sourceTree = "<group>"; };
		B0A733F32464F06D003DECBC /* EventsTableViewController.swift */ = {isa = PBXFileReference; lastKnownFileType = sourcecode.swift; path = EventsTableViewController.swift; sourceTree = "<group>"; };
		B0A733F52464F9D4003DECBC /* EventDetailViewController.swift */ = {isa = PBXFileReference; lastKnownFileType = sourcecode.swift; path = EventDetailViewController.swift; sourceTree = "<group>"; };
/* End PBXFileReference section */

/* Begin PBXFrameworksBuildPhase section */
		B0A733D3246487C0003DECBC /* Frameworks */ = {
			isa = PBXFrameworksBuildPhase;
			buildActionMask = 2147483647;
			files = (
			);
			runOnlyForDeploymentPostprocessing = 0;
		};
/* End PBXFrameworksBuildPhase section */

/* Begin PBXGroup section */
		B0A1C357246A04AF005942E6 /* Events */ = {
			isa = PBXGroup;
			children = (
				B0A733ED246497E4003DECBC /* events.json */,
				B0A733F32464F06D003DECBC /* EventsTableViewController.swift */,
				B0A733F52464F9D4003DECBC /* EventDetailViewController.swift */,
				B0A733DD246487C0003DECBC /* EventsViewController.swift */,
				B0A733F124649959003DECBC /* EventDataLoader.swift */,
				B0A733EF24649905003DECBC /* EventData.swift */,
			);
			path = Events;
			sourceTree = "<group>";
		};
		B0A733CD246487C0003DECBC = {
			isa = PBXGroup;
			children = (
				B0A733D8246487C0003DECBC /* American Canyon */,
				B0A733D7246487C0003DECBC /* Products */,
			);
			sourceTree = "<group>";
		};
		B0A733D7246487C0003DECBC /* Products */ = {
			isa = PBXGroup;
			children = (
				B0A733D6246487C0003DECBC /* American Canyon.app */,
			);
			name = Products;
			sourceTree = "<group>";
		};
		B0A733D8246487C0003DECBC /* American Canyon */ = {
			isa = PBXGroup;
			children = (
				B0A733D9246487C0003DECBC /* AppDelegate.swift */,
				B0A733DB246487C0003DECBC /* SceneDelegate.swift */,
				B0A1C35A246A07FC005942E6 /* citylogo.png */,
				B0A733DF246487C0003DECBC /* Main.storyboard */,
				B0A1C358246A04E7005942E6 /* AmCanViewController.swift */,
				B0A1C35C246A3129005942E6 /* DataModal.swift */,
				B0A1C35E246A31EB005942E6 /* HeaderView.swift */,
				B0A1C357246A04AF005942E6 /* Events */,
				B0A733E2246487C2003DECBC /* Assets.xcassets */,
				B0A733E4246487C2003DECBC /* LaunchScreen.storyboard */,
				B0A733E7246487C2003DECBC /* Info.plist */,
			);
			path = "American Canyon";
			sourceTree = "<group>";
		};
/* End PBXGroup section */

/* Begin PBXNativeTarget section */
		B0A733D5246487C0003DECBC /* American Canyon */ = {
			isa = PBXNativeTarget;
			buildConfigurationList = B0A733EA246487C2003DECBC /* Build configuration list for PBXNativeTarget "American Canyon" */;
			buildPhases = (
				B0A733D2246487C0003DECBC /* Sources */,
				B0A733D3246487C0003DECBC /* Frameworks */,
				B0A733D4246487C0003DECBC /* Resources */,
			);
			buildRules = (
			);
			dependencies = (
			);
			name = "American Canyon";
			productName = "American Canyon";
			productReference = B0A733D6246487C0003DECBC /* American Canyon.app */;
			productType = "com.apple.product-type.application";
		};
/* End PBXNativeTarget section */

/* Begin PBXProject section */
		B0A733CE246487C0003DECBC /* Project object */ = {
			isa = PBXProject;
			attributes = {
				LastSwiftUpdateCheck = 1140;
				LastUpgradeCheck = 1140;
				ORGANIZATIONNAME = "Karla Aldana";
				TargetAttributes = {
					B0A733D5246487C0003DECBC = {
						CreatedOnToolsVersion = 11.4.1;
					};
				};
			};
			buildConfigurationList = B0A733D1246487C0003DECBC /* Build configuration list for PBXProject "American Canyon" */;
			compatibilityVersion = "Xcode 9.3";
			developmentRegion = en;
			hasScannedForEncodings = 0;
			knownRegions = (
				en,
				Base,
			);
			mainGroup = B0A733CD246487C0003DECBC;
			productRefGroup = B0A733D7246487C0003DECBC /* Products */;
			projectDirPath = "";
			projectRoot = "";
			targets = (
				B0A733D5246487C0003DECBC /* American Canyon */,
			);
		};
/* End PBXProject section */

/* Begin PBXResourcesBuildPhase section */
		B0A733D4246487C0003DECBC /* Resources */ = {
			isa = PBXResourcesBuildPhase;
			buildActionMask = 2147483647;
			files = (
				B0A733EE246497E4003DECBC /* events.json in Resources */,
				B0A733E6246487C2003DECBC /* LaunchScreen.storyboard in Resources */,
				B0A733E3246487C2003DECBC /* Assets.xcassets in Resources */,
				B0A1C35B246A07FC005942E6 /* citylogo.png in Resources */,
				B0A733E1246487C0003DECBC /* Main.storyboard in Resources */,
			);
			runOnlyForDeploymentPostprocessing = 0;
		};
/* End PBXResourcesBuildPhase section */

/* Begin PBXSourcesBuildPhase section */
		B0A733D2246487C0003DECBC /* Sources */ = {
			isa = PBXSourcesBuildPhase;
			buildActionMask = 2147483647;
			files = (
				B0A733DE246487C0003DECBC /* EventsViewController.swift in Sources */,
				B0A1C35D246A3129005942E6 /* DataModal.swift in Sources */,
				B0A733DA246487C0003DECBC /* AppDelegate.swift in Sources */,
				B0A733F42464F06D003DECBC /* EventsTableViewController.swift in Sources */,
				B0A1C359246A04E7005942E6 /* AmCanViewController.swift in Sources */,
				B0A1C35F246A31EB005942E6 /* HeaderView.swift in Sources */,
				B0A733F024649905003DECBC /* EventData.swift in Sources */,
				B0A733DC246487C0003DECBC /* SceneDelegate.swift in Sources */,
				B0A733F62464F9D4003DECBC /* EventDetailViewController.swift in Sources */,
				B0A733F224649959003DECBC /* EventDataLoader.swift in Sources */,
			);
			runOnlyForDeploymentPostprocessing = 0;
		};
/* End PBXSourcesBuildPhase section */

/* Begin PBXVariantGroup section */
		B0A733DF246487C0003DECBC /* Main.storyboard */ = {
			isa = PBXVariantGroup;
			children = (
				B0A733E0246487C0003DECBC /* Base */,
			);
			name = Main.storyboard;
			sourceTree = "<group>";
		};
		B0A733E4246487C2003DECBC /* LaunchScreen.storyboard */ = {
			isa = PBXVariantGroup;
			children = (
				B0A733E5246487C2003DECBC /* Base */,
			);
			name = LaunchScreen.storyboard;
			sourceTree = "<group>";
		};
/* End PBXVariantGroup section */

/* Begin XCBuildConfiguration section */
		B0A733E8246487C2003DECBC /* Debug */ = {
			isa = XCBuildConfiguration;
			buildSettings = {
				ALWAYS_SEARCH_USER_PATHS = NO;
				CLANG_ANALYZER_NONNULL = YES;
				CLANG_ANALYZER_NUMBER_OBJECT_CONVERSION = YES_AGGRESSIVE;
				CLANG_CXX_LANGUAGE_STANDARD = "gnu++14";
				CLANG_CXX_LIBRARY = "libc++";
				CLANG_ENABLE_MODULES = YES;
				CLANG_ENABLE_OBJC_ARC = YES;
				CLANG_ENABLE_OBJC_WEAK = YES;
				CLANG_WARN_BLOCK_CAPTURE_AUTORELEASING = YES;
				CLANG_WARN_BOOL_CONVERSION = YES;
				CLANG_WARN_COMMA = YES;
				CLANG_WARN_CONSTANT_CONVERSION = YES;
				CLANG_WARN_DEPRECATED_OBJC_IMPLEMENTATIONS = YES;
				CLANG_WARN_DIRECT_OBJC_ISA_USAGE = YES_ERROR;
				CLANG_WARN_DOCUMENTATION_COMMENTS = YES;
				CLANG_WARN_EMPTY_BODY = YES;
				CLANG_WARN_ENUM_CONVERSION = YES;
				CLANG_WARN_INFINITE_RECURSION = YES;
				CLANG_WARN_INT_CONVERSION = YES;
				CLANG_WARN_NON_LITERAL_NULL_CONVERSION = YES;
				CLANG_WARN_OBJC_IMPLICIT_RETAIN_SELF = YES;
				CLANG_WARN_OBJC_LITERAL_CONVERSION = YES;
				CLANG_WARN_OBJC_ROOT_CLASS = YES_ERROR;
				CLANG_WARN_RANGE_LOOP_ANALYSIS = YES;
				CLANG_WARN_STRICT_PROTOTYPES = YES;
				CLANG_WARN_SUSPICIOUS_MOVE = YES;
				CLANG_WARN_UNGUARDED_AVAILABILITY = YES_AGGRESSIVE;
				CLANG_WARN_UNREACHABLE_CODE = YES;
				CLANG_WARN__DUPLICATE_METHOD_MATCH = YES;
				COPY_PHASE_STRIP = NO;
				DEBUG_INFORMATION_FORMAT = dwarf;
				ENABLE_STRICT_OBJC_MSGSEND = YES;
				ENABLE_TESTABILITY = YES;
				GCC_C_LANGUAGE_STANDARD = gnu11;
				GCC_DYNAMIC_NO_PIC = NO;
				GCC_NO_COMMON_BLOCKS = YES;
				GCC_OPTIMIZATION_LEVEL = 0;
				GCC_PREPROCESSOR_DEFINITIONS = (
					"DEBUG=1",
					"$(inherited)",
				);
				GCC_WARN_64_TO_32_BIT_CONVERSION = YES;
				GCC_WARN_ABOUT_RETURN_TYPE = YES_ERROR;
				GCC_WARN_UNDECLARED_SELECTOR = YES;
				GCC_WARN_UNINITIALIZED_AUTOS = YES_AGGRESSIVE;
				GCC_WARN_UNUSED_FUNCTION = YES;
				GCC_WARN_UNUSED_VARIABLE = YES;
				IPHONEOS_DEPLOYMENT_TARGET = 13.4;
				MTL_ENABLE_DEBUG_INFO = INCLUDE_SOURCE;
				MTL_FAST_MATH = YES;
				ONLY_ACTIVE_ARCH = YES;
				SDKROOT = iphoneos;
				SWIFT_ACTIVE_COMPILATION_CONDITIONS = DEBUG;
				SWIFT_OPTIMIZATION_LEVEL = "-Onone";
			};
			name = Debug;
		};
		B0A733E9246487C2003DECBC /* Release */ = {
			isa = XCBuildConfiguration;
			buildSettings = {
				ALWAYS_SEARCH_USER_PATHS = NO;
				CLANG_ANALYZER_NONNULL = YES;
				CLANG_ANALYZER_NUMBER_OBJECT_CONVERSION = YES_AGGRESSIVE;
				CLANG_CXX_LANGUAGE_STANDARD = "gnu++14";
				CLANG_CXX_LIBRARY = "libc++";
				CLANG_ENABLE_MODULES = YES;
				CLANG_ENABLE_OBJC_ARC = YES;
				CLANG_ENABLE_OBJC_WEAK = YES;
				CLANG_WARN_BLOCK_CAPTURE_AUTORELEASING = YES;
				CLANG_WARN_BOOL_CONVERSION = YES;
				CLANG_WARN_COMMA = YES;
				CLANG_WARN_CONSTANT_CONVERSION = YES;
				CLANG_WARN_DEPRECATED_OBJC_IMPLEMENTATIONS = YES;
				CLANG_WARN_DIRECT_OBJC_ISA_USAGE = YES_ERROR;
				CLANG_WARN_DOCUMENTATION_COMMENTS = YES;
				CLANG_WARN_EMPTY_BODY = YES;
				CLANG_WARN_ENUM_CONVERSION = YES;
				CLANG_WARN_INFINITE_RECURSION = YES;
				CLANG_WARN_INT_CONVERSION = YES;
				CLANG_WARN_NON_LITERAL_NULL_CONVERSION = YES;
				CLANG_WARN_OBJC_IMPLICIT_RETAIN_SELF = YES;
				CLANG_WARN_OBJC_LITERAL_CONVERSION = YES;
				CLANG_WARN_OBJC_ROOT_CLASS = YES_ERROR;
				CLANG_WARN_RANGE_LOOP_ANALYSIS = YES;
				CLANG_WARN_STRICT_PROTOTYPES = YES;
				CLANG_WARN_SUSPICIOUS_MOVE = YES;
				CLANG_WARN_UNGUARDED_AVAILABILITY = YES_AGGRESSIVE;
				CLANG_WARN_UNREACHABLE_CODE = YES;
				CLANG_WARN__DUPLICATE_METHOD_MATCH = YES;
				COPY_PHASE_STRIP = NO;
				DEBUG_INFORMATION_FORMAT = "dwarf-with-dsym";
				ENABLE_NS_ASSERTIONS = NO;
				ENABLE_STRICT_OBJC_MSGSEND = YES;
				GCC_C_LANGUAGE_STANDARD = gnu11;
				GCC_NO_COMMON_BLOCKS = YES;
				GCC_WARN_64_TO_32_BIT_CONVERSION = YES;
				GCC_WARN_ABOUT_RETURN_TYPE = YES_ERROR;
				GCC_WARN_UNDECLARED_SELECTOR = YES;
				GCC_WARN_UNINITIALIZED_AUTOS = YES_AGGRESSIVE;
				GCC_WARN_UNUSED_FUNCTION = YES;
				GCC_WARN_UNUSED_VARIABLE = YES;
				IPHONEOS_DEPLOYMENT_TARGET = 13.4;
				MTL_ENABLE_DEBUG_INFO = NO;
				MTL_FAST_MATH = YES;
				SDKROOT = iphoneos;
				SWIFT_COMPILATION_MODE = wholemodule;
				SWIFT_OPTIMIZATION_LEVEL = "-O";
				VALIDATE_PRODUCT = YES;
			};
			name = Release;
		};
		B0A733EB246487C2003DECBC /* Debug */ = {
			isa = XCBuildConfiguration;
			buildSettings = {
				ASSETCATALOG_COMPILER_APPICON_NAME = AppIcon;
				CODE_SIGN_STYLE = Automatic;
				DEVELOPMENT_TEAM = H82KJ8L44L;
				INFOPLIST_FILE = "American Canyon/Info.plist";
				LD_RUNPATH_SEARCH_PATHS = (
					"$(inherited)",
					"@executable_path/Frameworks",
				);
				PRODUCT_BUNDLE_IDENTIFIER = "com.karlaaldana.American-Canyon";
				PRODUCT_NAME = "$(TARGET_NAME)";
				SWIFT_VERSION = 5.0;
				TARGETED_DEVICE_FAMILY = "1,2";
			};
			name = Debug;
		};
		B0A733EC246487C2003DECBC /* Release */ = {
			isa = XCBuildConfiguration;
			buildSettings = {
				ASSETCATALOG_COMPILER_APPICON_NAME = AppIcon;
				CODE_SIGN_STYLE = Automatic;
				DEVELOPMENT_TEAM = H82KJ8L44L;
				INFOPLIST_FILE = "American Canyon/Info.plist";
				LD_RUNPATH_SEARCH_PATHS = (
					"$(inherited)",
					"@executable_path/Frameworks",
				);
				PRODUCT_BUNDLE_IDENTIFIER = "com.karlaaldana.American-Canyon";
				PRODUCT_NAME = "$(TARGET_NAME)";
				SWIFT_VERSION = 5.0;
				TARGETED_DEVICE_FAMILY = "1,2";
			};
			name = Release;
		};
/* End XCBuildConfiguration section */

/* Begin XCConfigurationList section */
		B0A733D1246487C0003DECBC /* Build configuration list for PBXProject "American Canyon" */ = {
			isa = XCConfigurationList;
			buildConfigurations = (
				B0A733E8246487C2003DECBC /* Debug */,
				B0A733E9246487C2003DECBC /* Release */,
			);
			defaultConfigurationIsVisible = 0;
			defaultConfigurationName = Release;
		};
		B0A733EA246487C2003DECBC /* Build configuration list for PBXNativeTarget "American Canyon" */ = {
			isa = XCConfigurationList;
			buildConfigurations = (
				B0A733EB246487C2003DECBC /* Debug */,
				B0A733EC246487C2003DECBC /* Release */,
			);
			defaultConfigurationIsVisible = 0;
			defaultConfigurationName = Release;
		};
/* End XCConfigurationList section */
	};
	rootObject = B0A733CE246487C0003DECBC /* Project object */;
}
